
Microsoft Visual Studio Solution File, Format Version 12.00
# Visual Studio 2012
Project("{FAE04EC0-301F-11D3-BF4B-00C04F79EFBC}") = "DiscreteMathLab10_D", "DiscreteMathLab10_D\DiscreteMathLab10_D.csproj", "{2F001D69-C40B-4055-AA56-68965A7637D6}"
EndProject
Global
	GlobalSection(TeamFoundationVersionControl) = preSolution
		SccNumberOfProjects = 2
		SccEnterpriseProvider = {4CA58AB2-18FA-4F8D-95D4-32DDF27D184C}
		SccTeamFoundationServer = https://hotkey.visualstudio.com/defaultcollection
		SccLocalPath0 = .
		SccProjectUniqueName1 = DiscreteMathLab10_D\\DiscreteMathLab10_D.csproj
		SccProjectName1 = DiscreteMathLab10_D
		SccLocalPath1 = DiscreteMathLab10_D
	EndGlobalSection
	GlobalSection(SolutionConfigurationPlatforms) = preSolution
		Debug|Any CPU = Debug|Any CPU
		Release|Any CPU = Release|Any CPU
	EndGlobalSection
	GlobalSection(ProjectConfigurationPlatforms) = postSolution
		{2F001D69-C40B-4055-AA56-68965A7637D6}.Debug|Any CPU.ActiveCfg = Debug|Any CPU
		{2F001D69-C40B-4055-AA56-68965A7637D6}.Debug|Any CPU.Build.0 = Debug|Any CPU
		{2F001D69-C40B-4055-AA56-68965A7637D6}.Release|Any CPU.ActiveCfg = Release|Any CPU
		{2F001D69-C40B-4055-AA56-68965A7637D6}.Release|Any CPU.Build.0 = Release|Any CPU
	EndGlobalSection
	GlobalSection(SolutionProperties) = preSolution
		HideSolutionNode = FALSE
	EndGlobalSection
EndGlobal
